// !$*UTF8*$!
{
	archiveVersion = 1;
	classes = {
	};
	objectVersion = 46;
	objects = {

/* Begin PBXBuildFile section */
		B857BAEA1A92266100D6E107 /* main.m in Sources */ = {isa = PBXBuildFile; fileRef = B857BAE91A92266100D6E107 /* main.m */; };
		B857BAED1A92266100D6E107 /* AppDelegate.m in Sources */ = {isa = PBXBuildFile; fileRef = B857BAEC1A92266100D6E107 /* AppDelegate.m */; };
		B857BAF01A92266100D6E107 /* ViewController.m in Sources */ = {isa = PBXBuildFile; fileRef = B857BAEF1A92266100D6E107 /* ViewController.m */; };
		B857BAF31A92266100D6E107 /* Main.storyboard in Resources */ = {isa = PBXBuildFile; fileRef = B857BAF11A92266100D6E107 /* Main.storyboard */; };
		B857BAF51A92266200D6E107 /* Images.xcassets in Resources */ = {isa = PBXBuildFile; fileRef = B857BAF41A92266200D6E107 /* Images.xcassets */; };
		B857BAF81A92266200D6E107 /* LaunchScreen.xib in Resources */ = {isa = PBXBuildFile; fileRef = B857BAF61A92266200D6E107 /* LaunchScreen.xib */; };
		B857BB041A92266300D6E107 /* moveimageTests.m in Sources */ = {isa = PBXBuildFile; fileRef = B857BB031A92266300D6E107 /* moveimageTests.m */; };
/* End PBXBuildFile section */

/* Begin PBXContainerItemProxy section */
		B857BAFE1A92266300D6E107 /* PBXContainerItemProxy */ = {
			isa = PBXContainerItemProxy;
			containerPortal = B857BADC1A92266000D6E107 /* Project object */;
			proxyType = 1;
			remoteGlobalIDString = B857BAE31A92266100D6E107;
			remoteInfo = moveimage;
		};
/* End PBXContainerItemProxy section */

/* Begin PBXFileReference section */
		B857BAE41A92266100D6E107 /* moveimage.app */ = {isa = PBXFileReference; explicitFileType = wrapper.application; includeInIndex = 0; path = moveimage.app; sourceTree = BUILT_PRODUCTS_DIR; };
		B857BAE81A92266100D6E107 /* Info.plist */ = {isa = PBXFileReference; lastKnownFileType = text.plist.xml; path = Info.plist; sourceTree = "<group>"; };
		B857BAE91A92266100D6E107 /* main.m */ = {isa = PBXFileReference; lastKnownFileType = sourcecode.c.objc; path = main.m; sourceTree = "<group>"; };
		B857BAEB1A92266100D6E107 /* AppDelegate.h */ = {isa = PBXFileReference; lastKnownFileType = sourcecode.c.h; path = AppDelegate.h; sourceTree = "<group>"; };
		B857BAEC1A92266100D6E107 /* AppDelegate.m */ = {isa = PBXFileReference; lastKnownFileType = sourcecode.c.objc; path = AppDelegate.m; sourceTree = "<group>"; };
		B857BAEE1A92266100D6E107 /* ViewController.h */ = {isa = PBXFileReference; lastKnownFileType = sourcecode.c.h; path = ViewController.h; sourceTree = "<group>"; };
		B857BAEF1A92266100D6E107 /* ViewController.m */ = {isa = PBXFileReference; lastKnownFileType = sourcecode.c.objc; path = ViewController.m; sourceTree = "<group>"; };
		B857BAF21A92266100D6E107 /* Base */ = {isa = PBXFileReference; lastKnownFileType = file.storyboard; name = Base; path = Base.lproj/Main.storyboard; sourceTree = "<group>"; };
		B857BAF41A92266200D6E107 /* Images.xcassets */ = {isa = PBXFileReference; lastKnownFileType = folder.assetcatalog; path = Images.xcassets; sourceTree = "<group>"; };
		B857BAF71A92266200D6E107 /* Base */ = {isa = PBXFileReference; lastKnownFileType = file.xib; name = Base; path = Base.lproj/LaunchScreen.xib; sourceTree = "<group>"; };
		B857BAFD1A92266300D6E107 /* moveimageTests.xctest */ = {isa = PBXFileReference; explicitFileType = wrapper.cfbundle; includeInIndex = 0; path = moveimageTests.xctest; sourceTree = BUILT_PRODUCTS_DIR; };
		B857BB021A92266300D6E107 /* Info.plist */ = {isa = PBXFileReference; lastKnownFileType = text.plist.xml; path = Info.plist; sourceTree = "<group>"; };
		B857BB031A92266300D6E107 /* moveimageTests.m */ = {isa = PBXFileReference; lastKnownFileType = sourcecode.c.objc; path = moveimageTests.m; sourceTree = "<group>"; };
/* End PBXFileReference section */

/* Begin PBXFrameworksBuildPhase section */
		B857BAE11A92266100D6E107 /* Frameworks */ = {
			isa = PBXFrameworksBuildPhase;
			buildActionMask = 2147483647;
			files = (
			);
			runOnlyForDeploymentPostprocessing = 0;
		};
		B857BAFA1A92266300D6E107 /* Frameworks */ = {
			isa = PBXFrameworksBuildPhase;
			buildActionMask = 2147483647;
			files = (
			);
			runOnlyForDeploymentPostprocessing = 0;
		};
/* End PBXFrameworksBuildPhase section */

/* Begin PBXGroup section */
		B857BADB1A92266000D6E107 = {
			isa = PBXGroup;
			children = (
				B857BAE61A92266100D6E107 /* moveimage */,
				B857BB001A92266300D6E107 /* moveimageTests */,
				B857BAE51A92266100D6E107 /* Products */,
			);
			sourceTree = "<group>";
		};
		B857BAE51A92266100D6E107 /* Products */ = {
			isa = PBXGroup;
			children = (
				B857BAE41A92266100D6E107 /* moveimage.app */,
				B857BAFD1A92266300D6E107 /* moveimageTests.xctest */,
			);
			name = Products;
			sourceTree = "<group>";
		};
		B857BAE61A92266100D6E107 /* moveimage */ = {
			isa = PBXGroup;
			children = (
				B857BAEB1A92266100D6E107 /* AppDelegate.h */,
				B857BAEC1A92266100D6E107 /* AppDelegate.m */,
				B857BAEE1A92266100D6E107 /* ViewController.h */,
				B857BAEF1A92266100D6E107 /* ViewController.m */,
				B857BAF11A92266100D6E107 /* Main.storyboard */,
				B857BAF41A92266200D6E107 /* Images.xcassets */,
				B857BAF61A92266200D6E107 /* LaunchScreen.xib */,
				B857BAE71A92266100D6E107 /* Supporting Files */,
			);
			path = moveimage;
			sourceTree = "<group>";
		};
		B857BAE71A92266100D6E107 /* Supporting Files */ = {
			isa = PBXGroup;
			children = (
				B857BAE81A92266100D6E107 /* Info.plist */,
				B857BAE91A92266100D6E107 /* main.m */,
			);
			name = "Supporting Files";
			sourceTree = "<group>";
		};
		B857BB001A92266300D6E107 /* moveimageTests */ = {
			isa = PBXGroup;
			children = (
				B857BB031A92266300D6E107 /* moveimageTests.m */,
				B857BB011A92266300D6E107 /* Supporting Files */,
			);
			path = moveimageTests;
			sourceTree = "<group>";
		};
		B857BB011A92266300D6E107 /* Supporting Files */ = {
			isa = PBXGroup;
			children = (
				B857BB021A92266300D6E107 /* Info.plist */,
			);
			name = "Supporting Files";
			sourceTree = "<group>";
		};
/* End PBXGroup section */

/* Begin PBXNativeTarget section */
		B857BAE31A92266100D6E107 /* moveimage */ = {
			isa = PBXNativeTarget;
			buildConfigurationList = B857BB071A92266300D6E107 /* Build configuration list for PBXNativeTarget "moveimage" */;
			buildPhases = (
				B857BAE01A92266100D6E107 /* Sources */,
				B857BAE11A92266100D6E107 /* Frameworks */,
				B857BAE21A92266100D6E107 /* Resources */,
			);
			buildRules = (
			);
			dependencies = (
			);
			name = moveimage;
			productName = moveimage;
			productReference = B857BAE41A92266100D6E107 /* moveimage.app */;
			productType = "com.apple.product-type.application";
		};
		B857BAFC1A92266300D6E107 /* moveimageTests */ = {
			isa = PBXNativeTarget;
			buildConfigurationList = B857BB0A1A92266300D6E107 /* Build configuration list for PBXNativeTarget "moveimageTests" */;
			buildPhases = (
				B857BAF91A92266300D6E107 /* Sources */,
				B857BAFA1A92266300D6E107 /* Frameworks */,
				B857BAFB1A92266300D6E107 /* Resources */,
			);
			buildRules = (
			);
			dependencies = (
				B857BAFF1A92266300D6E107 /* PBXTargetDependency */,
			);
			name = moveimageTests;
			productName = moveimageTests;
			productReference = B857BAFD1A92266300D6E107 /* moveimageTests.xctest */;
			productType = "com.apple.product-type.bundle.unit-test";
		};
/* End PBXNativeTarget section */

/* Begin PBXProject section */
		B857BADC1A92266000D6E107 /* Project object */ = {
			isa = PBXProject;
			attributes = {
				LastUpgradeCheck = 0610;
				ORGANIZATIONNAME = XERAGO;
				TargetAttributes = {
					B857BAE31A92266100D6E107 = {
						CreatedOnToolsVersion = 6.1.1;
					};
					B857BAFC1A92266300D6E107 = {
						CreatedOnToolsVersion = 6.1.1;
						TestTargetID = B857BAE31A92266100D6E107;
					};
				};
			};
			buildConfigurationList = B857BADF1A92266000D6E107 /* Build configuration list for PBXProject "moveimage" */;
			compatibilityVersion = "Xcode 3.2";
			developmentRegion = English;
			hasScannedForEncodings = 0;
			knownRegions = (
				en,
				Base,
			);
			mainGroup = B857BADB1A92266000D6E107;
			productRefGroup = B857BAE51A92266100D6E107 /* Products */;
			projectDirPath = "";
			projectRoot = "";
			targets = (
				B857BAE31A92266100D6E107 /* moveimage */,
				B857BAFC1A92266300D6E107 /* moveimageTests */,
			);
		};
/* End PBXProject section */

/* Begin PBXResourcesBuildPhase section */
		B857BAE21A92266100D6E107 /* Resources */ = {
			isa = PBXResourcesBuildPhase;
			buildActionMask = 2147483647;
			files = (
				B857BAF31A92266100D6E107 /* Main.storyboard in Resources */,
				B857BAF81A92266200D6E107 /* LaunchScreen.xib in Resources */,
				B857BAF51A92266200D6E107 /* Images.xcassets in Resources */,
			);
			runOnlyForDeploymentPostprocessing = 0;
		};
		B857BAFB1A92266300D6E107 /* Resources */ = {
			isa = PBXResourcesBuildPhase;
			buildActionMask = 2147483647;
			files = (
			);
			runOnlyForDeploymentPostprocessing = 0;
		};
/* End PBXResourcesBuildPhase section */

/* Begin PBXSourcesBuildPhase section */
		B857BAE01A92266100D6E107 /* Sources */ = {
			isa = PBXSourcesBuildPhase;
			buildActionMask = 2147483647;
			files = (
				B857BAF01A92266100D6E107 /* ViewController.m in Sources */,
				B857BAED1A92266100D6E107 /* AppDelegate.m in Sources */,
				B857BAEA1A92266100D6E107 /* main.m in Sources */,
			);
			runOnlyForDeploymentPostprocessing = 0;
		};
		B857BAF91A92266300D6E107 /* Sources */ = {
			isa = PBXSourcesBuildPhase;
			buildActionMask = 2147483647;
			files = (
				B857BB041A92266300D6E107 /* moveimageTests.m in Sources */,
			);
			runOnlyForDeploymentPostprocessing = 0;
		};
/* End PBXSourcesBuildPhase section */

/* Begin PBXTargetDependency section */
		B857BAFF1A92266300D6E107 /* PBXTargetDependency */ = {
			isa = PBXTargetDependency;
			target = B857BAE31A92266100D6E107 /* moveimage */;
			targetProxy = B857BAFE1A92266300D6E107 /* PBXContainerItemProxy */;
		};
/* End PBXTargetDependency section */

/* Begin PBXVariantGroup section */
		B857BAF11A92266100D6E107 /* Main.storyboard */ = {
			isa = PBXVariantGroup;
			children = (
				B857BAF21A92266100D6E107 /* Base */,
			);
			name = Main.storyboard;
			sourceTree = "<group>";
		};
		B857BAF61A92266200D6E107 /* LaunchScreen.xib */ = {
			isa = PBXVariantGroup;
			children = (
				B857BAF71A92266200D6E107 /* Base */,
			);
			name = LaunchScreen.xib;
			sourceTree = "<group>";
		};
/* End PBXVariantGroup section */

/* Begin XCBuildConfiguration section */
		B857BB051A92266300D6E107 /* Debug */ = {
			isa = XCBuildConfiguration;
			buildSettings = {
				ALWAYS_SEARCH_USER_PATHS = NO;
				CLANG_CXX_LANGUAGE_STANDARD = "gnu++0x";
				CLANG_CXX_LIBRARY = "libc++";
				CLANG_ENABLE_MODULES = YES;
				CLANG_ENABLE_OBJC_ARC = YES;
				CLANG_WARN_BOOL_CONVERSION = YES;
				CLANG_WARN_CONSTANT_CONVERSION = YES;
				CLANG_WARN_DIRECT_OBJC_ISA_USAGE = YES_ERROR;
				CLANG_WARN_EMPTY_BODY = YES;
				CLANG_WARN_ENUM_CONVERSION = YES;
				CLANG_WARN_INT_CONVERSION = YES;
				CLANG_WARN_OBJC_ROOT_CLASS = YES_ERROR;
				CLANG_WARN_UNREACHABLE_CODE = YES;
				CLANG_WARN__DUPLICATE_METHOD_MATCH = YES;
				"CODE_SIGN_IDENTITY[sdk=iphoneos*]" = "iPhone Developer";
				COPY_PHASE_STRIP = NO;
				ENABLE_STRICT_OBJC_MSGSEND = YES;
				GCC_C_LANGUAGE_STANDARD = gnu99;
				GCC_DYNAMIC_NO_PIC = NO;
				GCC_OPTIMIZATION_LEVEL = 0;
				GCC_PREPROCESSOR_DEFINITIONS = (
					"DEBUG=1",
					"$(inherited)",
				);
				GCC_SYMBOLS_PRIVATE_EXTERN = NO;
				GCC_WARN_64_TO_32_BIT_CONVERSION = YES;
				GCC_WARN_ABOUT_RETURN_TYPE = YES_ERROR;
				GCC_WARN_UNDECLARED_SELECTOR = YES;
				GCC_WARN_UNINITIALIZED_AUTOS = YES_AGGRESSIVE;
				GCC_WARN_UNUSED_FUNCTION = YES;
				GCC_WARN_UNUSED_VARIABLE = YES;
				IPHONEOS_DEPLOYMENT_TARGET = 8.1;
				MTL_ENABLE_DEBUG_INFO = YES;
				ONLY_ACTIVE_ARCH = YES;
				SDKROOT = iphoneos;
			};
			name = Debug;
		};
		B857BB061A92266300D6E107 /* Release */ = {
			isa = XCBuildConfiguration;
			buildSettings = {
				ALWAYS_SEARCH_USER_PATHS = NO;
				CLANG_CXX_LANGUAGE_STANDARD = "gnu++0x";
				CLANG_CXX_LIBRARY = "libc++";
				CLANG_ENABLE_MODULES = YES;
				CLANG_ENABLE_OBJC_ARC = YES;
				CLANG_WARN_BOOL_CONVERSION = YES;
				CLANG_WARN_CONSTANT_CONVERSION = YES;
				CLANG_WARN_DIRECT_OBJC_ISA_USAGE = YES_ERROR;
				CLANG_WARN_EMPTY_BODY = YES;
				CLANG_WARN_ENUM_CONVERSION = YES;
				CLANG_WARN_INT_CONVERSION = YES;
				CLANG_WARN_OBJC_ROOT_CLASS = YES_ERROR;
				CLANG_WARN_UNREACHABLE_CODE = YES;
				CLANG_WARN__DUPLICATE_METHOD_MATCH = YES;
				"CODE_SIGN_IDENTITY[sdk=iphoneos*]" = "iPhone Developer";
				COPY_PHASE_STRIP = YES;
				ENABLE_NS_ASSERTIONS = NO;
				ENABLE_STRICT_OBJC_MSGSEND = YES;
				GCC_C_LANGUAGE_STANDARD = gnu99;
				GCC_WARN_64_TO_32_BIT_CONVERSION = YES;
				GCC_WARN_ABOUT_RETURN_TYPE = YES_ERROR;
				GCC_WARN_UNDECLARED_SELECTOR = YES;
				GCC_WARN_UNINITIALIZED_AUTOS = YES_AGGRESSIVE;
				GCC_WARN_UNUSED_FUNCTION = YES;
				GCC_WARN_UNUSED_VARIABLE = YES;
				IPHONEOS_DEPLOYMENT_TARGET = 8.1;
				MTL_ENABLE_DEBUG_INFO = NO;
				SDKROOT = iphoneos;
				VALIDATE_PRODUCT = YES;
			};
			name = Release;
		};
		B857BB081A92266300D6E107 /* Debug */ = {
			isa = XCBuildConfiguration;
			buildSettings = {
				ASSETCATALOG_COMPILER_APPICON_NAME = AppIcon;
				INFOPLIST_FILE = moveimage/Info.plist;
				LD_RUNPATH_SEARCH_PATHS = "$(inherited) @executable_path/Frameworks";
				PRODUCT_NAME = "$(TARGET_NAME)";
			};
			name = Debug;
		};
		B857BB091A92266300D6E107 /* Release */ = {
			isa = XCBuildConfiguration;
			buildSettings = {
				ASSETCATALOG_COMPILER_APPICON_NAME = AppIcon;
				INFOPLIST_FILE = moveimage/Info.plist;
				LD_RUNPATH_SEARCH_PATHS = "$(inherited) @executable_path/Frameworks";
				PRODUCT_NAME = "$(TARGET_NAME)";
			};
			name = Release;
		};
		B857BB0B1A92266300D6E107 /* Debug */ = {
			isa = XCBuildConfiguration;
			buildSettings = {
				BUNDLE_LOADER = "$(TEST_HOST)";
				FRAMEWORK_SEARCH_PATHS = (
					"$(SDKROOT)/Developer/Library/Frameworks",
					"$(inherited)",
				);
				GCC_PREPROCESSOR_DEFINITIONS = (
					"DEBUG=1",
					"$(inherited)",
				);
				INFOPLIST_FILE = moveimageTests/Info.plist;
				LD_RUNPATH_SEARCH_PATHS = "$(inherited) @executable_path/Frameworks @loader_path/Frameworks";
				PRODUCT_NAME = "$(TARGET_NAME)";
				TEST_HOST = "$(BUILT_PRODUCTS_DIR)/moveimage.app/moveimage";
			};
			name = Debug;
		};
		B857BB0C1A92266300D6E107 /* Release */ = {
			isa = XCBuildConfiguration;
			buildSettings = {
				BUNDLE_LOADER = "$(TEST_HOST)";
				FRAMEWORK_SEARCH_PATHS = (
					"$(SDKROOT)/Developer/Library/Frameworks",
					"$(inherited)",
				);
				INFOPLIST_FILE = moveimageTests/Info.plist;
				LD_RUNPATH_SEARCH_PATHS = "$(inherited) @executable_path/Frameworks @loader_path/Frameworks";
				PRODUCT_NAME = "$(TARGET_NAME)";
				TEST_HOST = "$(BUILT_PRODUCTS_DIR)/moveimage.app/moveimage";
			};
			name = Release;
		};
/* End XCBuildConfiguration section */

/* Begin XCConfigurationList section */
		B857BADF1A92266000D6E107 /* Build configuration list for PBXProject "moveimage" */ = {
			isa = XCConfigurationList;
			buildConfigurations = (
				B857BB051A92266300D6E107 /* Debug */,
				B857BB061A92266300D6E107 /* Release */,
			);
			defaultConfigurationIsVisible = 0;
			defaultConfigurationName = Release;
		};
		B857BB071A92266300D6E107 /* Build configuration list for PBXNativeTarget "moveimage" */ = {
			isa = XCConfigurationList;
			buildConfigurations = (
				B857BB081A92266300D6E107 /* Debug */,
				B857BB091A92266300D6E107 /* Release */,
			);
			defaultConfigurationIsVisible = 0;
		};
		B857BB0A1A92266300D6E107 /* Build configuration list for PBXNativeTarget "moveimageTests" */ = {
			isa = XCConfigurationList;
			buildConfigurations = (
				B857BB0B1A92266300D6E107 /* Debug */,
				B857BB0C1A92266300D6E107 /* Release */,
			);
			defaultConfigurationIsVisible = 0;
		};
/* End XCConfigurationList section */
	};
	rootObject = B857BADC1A92266000D6E107 /* Project object */;
}
